
Microsoft Visual Studio Solution File, Format Version 12.00
# Visual Studio Version 16
VisualStudioVersion = 16.0.34601.136
MinimumVisualStudioVersion = 10.0.40219.1
Project("{888888A0-9F3D-457C-B088-3A5042F75D52}") = "Dental Margin", "Dental Margin\Dental Margin.pyproj", "{187E2173-9498-4374-BAE2-88DF042976B4}"
EndProject
Global
	GlobalSection(SolutionConfigurationPlatforms) = preSolution
		Debug|Any CPU = Debug|Any CPU
		Release|Any CPU = Release|Any CPU
	EndGlobalSection
	GlobalSection(ProjectConfigurationPlatforms) = postSolution
		{187E2173-9498-4374-BAE2-88DF042976B4}.Debug|Any CPU.ActiveCfg = Debug|Any CPU
		{187E2173-9498-4374-BAE2-88DF042976B4}.Release|Any CPU.ActiveCfg = Release|Any CPU
	EndGlobalSection
	GlobalSection(SolutionProperties) = preSolution
		HideSolutionNode = FALSE
	EndGlobalSection
	GlobalSection(ExtensibilityGlobals) = postSolution
		SolutionGuid = {ECAE4A66-E981-4BA3-B9D0-C87A5CBA3AF4}
	EndGlobalSection
EndGlobal
